
Microsoft Visual Studio Solution File, Format Version 12.00
# Visual Studio Version 17
VisualStudioVersion = 17.8.34525.116
MinimumVisualStudioVersion = 10.0.40219.1
Project("{FAE04EC0-301F-11D3-BF4B-00C04F79EFBC}") = "C#_Winform_StartUp_With_Window_Example", "C#_Winform_StartUp_With_Window_Example.csproj", "{6F6C74B6-3859-4528-A69B-4EB2BC23F21E}"
EndProject
Global
	GlobalSection(SolutionConfigurationPlatforms) = preSolution
		Debug|Any CPU = Debug|Any CPU
		Release|Any CPU = Release|Any CPU
	EndGlobalSection
	GlobalSection(ProjectConfigurationPlatforms) = postSolution
		{6F6C74B6-3859-4528-A69B-4EB2BC23F21E}.Debug|Any CPU.ActiveCfg = Debug|Any CPU
		{6F6C74B6-3859-4528-A69B-4EB2BC23F21E}.Debug|Any CPU.Build.0 = Debug|Any CPU
		{6F6C74B6-3859-4528-A69B-4EB2BC23F21E}.Release|Any CPU.ActiveCfg = Release|Any CPU
		{6F6C74B6-3859-4528-A69B-4EB2BC23F21E}.Release|Any CPU.Build.0 = Release|Any CPU
	EndGlobalSection
	GlobalSection(SolutionProperties) = preSolution
		HideSolutionNode = FALSE
	EndGlobalSection
	GlobalSection(ExtensibilityGlobals) = postSolution
		SolutionGuid = {F0FA93AD-B457-40BC-B129-5D9DDC556060}
	EndGlobalSection
EndGlobal
