
Microsoft Visual Studio Solution File, Format Version 12.00
# Visual Studio Version 17
VisualStudioVersion = 17.6.33829.357
MinimumVisualStudioVersion = 10.0.40219.1
Project("{FAE04EC0-301F-11D3-BF4B-00C04F79EFBC}") = "C#_Tray_Example", "C#_Tray_Example.csproj", "{FC02FFFF-9589-49AB-9F88-A730FC34DA8E}"
EndProject
Global
	GlobalSection(SolutionConfigurationPlatforms) = preSolution
		Debug|Any CPU = Debug|Any CPU
		Release|Any CPU = Release|Any CPU
	EndGlobalSection
	GlobalSection(ProjectConfigurationPlatforms) = postSolution
		{FC02FFFF-9589-49AB-9F88-A730FC34DA8E}.Debug|Any CPU.ActiveCfg = Debug|Any CPU
		{FC02FFFF-9589-49AB-9F88-A730FC34DA8E}.Debug|Any CPU.Build.0 = Debug|Any CPU
		{FC02FFFF-9589-49AB-9F88-A730FC34DA8E}.Release|Any CPU.ActiveCfg = Release|Any CPU
		{FC02FFFF-9589-49AB-9F88-A730FC34DA8E}.Release|Any CPU.Build.0 = Release|Any CPU
	EndGlobalSection
	GlobalSection(SolutionProperties) = preSolution
		HideSolutionNode = FALSE
	EndGlobalSection
	GlobalSection(ExtensibilityGlobals) = postSolution
		SolutionGuid = {E5E99347-0836-4644-8D66-ADEF3354F777}
	EndGlobalSection
EndGlobal
