
Microsoft Visual Studio Solution File, Format Version 12.00
# Visual Studio Version 17
VisualStudioVersion = 17.6.33829.357
MinimumVisualStudioVersion = 10.0.40219.1
Project("{FAE04EC0-301F-11D3-BF4B-00C04F79EFBC}") = "C#_Winform_Custom_Title_Bar", "C#_Winform_Custom_Title_Bar.csproj", "{ED74B7A4-62B5-421A-AFB4-548AA7D24A20}"
EndProject
Global
	GlobalSection(SolutionConfigurationPlatforms) = preSolution
		Debug|Any CPU = Debug|Any CPU
		Release|Any CPU = Release|Any CPU
	EndGlobalSection
	GlobalSection(ProjectConfigurationPlatforms) = postSolution
		{ED74B7A4-62B5-421A-AFB4-548AA7D24A20}.Debug|Any CPU.ActiveCfg = Debug|Any CPU
		{ED74B7A4-62B5-421A-AFB4-548AA7D24A20}.Debug|Any CPU.Build.0 = Debug|Any CPU
		{ED74B7A4-62B5-421A-AFB4-548AA7D24A20}.Release|Any CPU.ActiveCfg = Release|Any CPU
		{ED74B7A4-62B5-421A-AFB4-548AA7D24A20}.Release|Any CPU.Build.0 = Release|Any CPU
	EndGlobalSection
	GlobalSection(SolutionProperties) = preSolution
		HideSolutionNode = FALSE
	EndGlobalSection
	GlobalSection(ExtensibilityGlobals) = postSolution
		SolutionGuid = {215C3D59-B82E-4428-9219-8D344A3C08CA}
	EndGlobalSection
EndGlobal
